github.com/FollowTheProcess/test v0.12.1 h1:kgdT9RhuWfWuk9PUj7my08quuZhh0J0Rs10Vozn9/8g=
github.com/FollowTheProcess/test v0.12.1/go.mod h1:oIqlUoS8wKFmKBFBMJH/+asP7lQXE2D3YFhmUEubTUw=
github.com/google/go-cmp v0.6.0 h1:ofyhxvXcZhMsU5ulbFiLKl/XBFqE1GSq7atu8tAmTRI=
github.com/google/go-cmp v0.6.0/go.mod h1:17dUlkBOakJ0+DkrSSNjCkIjxS6bF9zb3elmeNGIjoY=
