go.followtheprocess.codes/diff v0.2.0 h1:NuEPvXSUEIeBqpSukuhkAUchS1EaiH7PYSj9zesd8Uc=
go.followtheprocess.codes/diff v0.2.0/go.mod h1:bDSZPC9CvkRr8HlOwjE1bl/8qFAmiA3LVtkThRnniis=
go.followtheprocess.codes/hue v1.2.0 h1:irFHJvgXIgFWyc2z2EYd87raFNZ8nHFvQSfXhozo+ow=
go.followtheprocess.codes/hue v1.2.0/go.mod h1:GxmAqxUuqDAWxXKzanv1GM7SgclNU6yIq4f9rYgDd1k=
go.followtheprocess.codes/snapshot v0.11.0 h1:kZniEW/+QB9i9/wdHS9q6AMueAYtE4YFyQRA6W3ksas=
go.followtheprocess.codes/snapshot v0.11.0/go.mod h1:Sj2A1XQ3gmt0jKUsp8C5X9OPstMKo7VI5vcfR38/+s0=
go.followtheprocess.codes/test v1.4.0 h1:LBZYn2MqOW20HLe1AJm3lMLplSWH+zycfC7mmS9NF2w=
go.followtheprocess.codes/test v1.4.0/go.mod h1:/Lq3YrwTqU/tb1wbO+Kt7Gs1I3qzFu/o/CUykOavoVA=
go.yaml.in/yaml/v4 v4.0.0-rc.6 h1:1h7H1ohdUh93/FyE4YaDa1Zh64K6VVbjF4K6WUxMtH4=
go.yaml.in/yaml/v4 v4.0.0-rc.6/go.mod h1:aZqd9kCMsGL7AuUv/m/PvWLdg5sjJsZ4oHDEnfPPfY0=
golang.org/x/sys v0.46.0 h1:noSf2Fq6F8DBgS+LysIkx7rIExoNHJsxOAtPp4rthXw=
golang.org/x/sys v0.46.0/go.mod h1:4GL1E5IUh+htKOUEOaiffhrAeqysfVGipDYzABqnCmw=
golang.org/x/term v0.44.0 h1:0rLvDRCtNj0gZkyIXhCyOb2OAzEhLVqc4B+hrsBhrmc=
golang.org/x/term v0.44.0/go.mod h1:7ze4MdzUzLXpSAoFP1H0bOI9aXDqveSvatT5vKcFh2Y=
golang.org/x/tools v0.44.0 h1:UP4ajHPIcuMjT1GqzDWRlalUEoY+uzoZKnhOjbIPD2c=
golang.org/x/tools v0.44.0/go.mod h1:KA0AfVErSdxRZIsOVipbv3rQhVXTnlU6UhKxHd1seDI=
