go.followtheprocess.codes/hue v0.6.0 h1:JDLnRrkauCCIyYRqKNBDM+X6X5o75j2CG3iddnzIuhc=
go.followtheprocess.codes/hue v0.6.0/go.mod h1:tNCWKaywHqkFo20hYOVwG7CaoRajJeE2AueP5HStY7U=
go.followtheprocess.codes/snapshot v0.6.0 h1:aq7WIc8hInqdpdrOzntk9lqHwxUqSw3YbgLYaoy0laQ=
go.followtheprocess.codes/snapshot v0.6.0/go.mod h1:0hskrLbmTgcv3h1YgVgX0CXiiOKq0UvhM4PewnOZOno=
go.followtheprocess.codes/test v0.23.0 h1:XpKkEAzzm2/FmOAfR6GHRvgdY3XhragOWYCCvr9F6wg=
go.followtheprocess.codes/test v0.23.0/go.mod h1:Bhx7T8XRQs6w7DuT06uG4EPbGeaVgj3HL4laIGLVV4w=
golang.org/x/sys v0.35.0 h1:vz1N37gP5bs89s7He8XuIYXpyY0+QlsKmzipCbUtyxI=
golang.org/x/sys v0.35.0/go.mod h1:BJP2sWEmIv4KK5OTEluFJCKSidICx8ciO85XgH3Ak8k=
golang.org/x/term v0.34.0 h1:O/2T7POpk0ZZ7MAzMeWFSg6S5IpWd/RXDlM9hgM3DR4=
golang.org/x/term v0.34.0/go.mod h1:5jC53AEywhIVebHgPVeg0mj8OD3VO9OzclacVrqpaAw=
golang.org/x/tools v0.36.0 h1:kWS0uv/zsvHEle1LbV5LE8QujrxB3wfQyxHfhOk0Qkg=
golang.org/x/tools v0.36.0/go.mod h1:WBDiHKJK8YgLHlcQPYQzNCkUxUypCaa5ZegCVutKm+s=
